# THIS IS AN AUTOGENERATED FILE. DO NOT EDIT THIS FILE DIRECTLY.
# yarn lockfile v1


"@types/md5@^2.1.33":
  version "2.3.1"
  resolved "http://npm.edianzu.cn/@types%2fmd5/-/md5-2.3.1.tgz#010bcf3bb50a2cff3a574cb1c0b4051a9c67d6bc"
  integrity sha512-OK3oe+ALIoPSo262lnhAYwpqFNXbiwH2a+0+Z5YBnkQEwWD8fk5+PIeRhYA48PzvX9I4SGNpWy+9bLj8qz92RQ==
  dependencies:
    "@types/node" "*"

"@types/node@*":
  version "16.11.1"
  resolved "http://npm.edianzu.cn/@types%2fnode/-/node-16.11.1.tgz#2e50a649a50fc403433a14f829eface1a3443e97"
  integrity sha512-PYGcJHL9mwl1Ek3PLiYgyEKtwTMmkMw4vbiyz/ps3pfdRYLVv+SN7qHVAImrjdAXxgluDEw6Ph4lyv+m9UpRmA==

"@types/node@^12.11.2":
  version "12.20.33"
  resolved "http://npm.edianzu.cn/@types%2fnode/-/node-12.20.33.tgz#24927446e8b7669d10abacedd16077359678f436"
  integrity sha512-5XmYX2GECSa+CxMYaFsr2mrql71Q4EvHjKS+ox/SiwSdaASMoBIWE6UmZqFO+VX1jIcsYLStI4FFoB6V7FeIYw==

charenc@0.0.2:
  version "0.0.2"
  resolved "http://npm.edianzu.cn/charenc/-/charenc-0.0.2.tgz#c0a1d2f3a7092e03774bfa83f14c0fc5790a8667"
  integrity sha1-wKHS86cJLgN3S/qD8UwPxXkKhmc=

commander@^3.0.2:
  version "3.0.2"
  resolved "http://npm.edianzu.cn/commander/-/commander-3.0.2.tgz#6837c3fb677ad9933d1cfba42dd14d5117d6b39e"
  integrity sha512-Gar0ASD4BDyKC4hl4DwHqDrmvjoxWKZigVnAbn5H1owvm4CxCPdb0HQDehwNYMJpla5+M2tPmPARzhtYuwpHow==

crypt@0.0.2:
  version "0.0.2"
  resolved "http://npm.edianzu.cn/crypt/-/crypt-0.0.2.tgz#88d7ff7ec0dfb86f713dc87bbb42d044d3e6c41b"
  integrity sha1-iNf/fsDfuG9xPch7u0LQRNPmxBs=

is-buffer@~1.1.6:
  version "1.1.6"
  resolved "http://npm.edianzu.cn/is-buffer/-/is-buffer-1.1.6.tgz#efaa2ea9daa0d7ab2ea13a97b2b8ad51fefbe8be"
  integrity sha512-NcdALwpXkTm5Zvvbk7owOUSvVvBKDgKP5/ewfXEznmQFfs4ZRmanOeKBTjRVjka3QFoN6XJ+9F3USqfHqTaU5w==

md5@^2.2.1:
  version "2.3.0"
  resolved "http://npm.edianzu.cn/md5/-/md5-2.3.0.tgz#c3da9a6aae3a30b46b7b0c349b87b110dc3bda4f"
  integrity sha512-T1GITYmFaKuO91vxyoQMFETst+O71VUPEU3ze5GNzDm0OWdP8v1ziTaAEPUr/3kLsY3Sftgz242A1SetQiDL7g==
  dependencies:
    charenc "0.0.2"
    crypt "0.0.2"
    is-buffer "~1.1.6"
